
Microsoft Visual Studio Solution File, Format Version 12.00
# Visual Studio Version 16
VisualStudioVersion = 16.0.31605.320
MinimumVisualStudioVersion = 10.0.40219.1
Project("{FAE04EC0-301F-11D3-BF4B-00C04F79EFBC}") = "carkifelek", "carkifelek.csproj", "{2D0966A1-5F58-4981-9955-BD3B8B3FD73F}"
EndProject
Global
	GlobalSection(SolutionConfigurationPlatforms) = preSolution
		Debug|Any CPU = Debug|Any CPU
		Release|Any CPU = Release|Any CPU
	EndGlobalSection
	GlobalSection(ProjectConfigurationPlatforms) = postSolution
		{2D0966A1-5F58-4981-9955-BD3B8B3FD73F}.Debug|Any CPU.ActiveCfg = Debug|Any CPU
		{2D0966A1-5F58-4981-9955-BD3B8B3FD73F}.Debug|Any CPU.Build.0 = Debug|Any CPU
		{2D0966A1-5F58-4981-9955-BD3B8B3FD73F}.Release|Any CPU.ActiveCfg = Release|Any CPU
		{2D0966A1-5F58-4981-9955-BD3B8B3FD73F}.Release|Any CPU.Build.0 = Release|Any CPU
	EndGlobalSection
	GlobalSection(SolutionProperties) = preSolution
		HideSolutionNode = FALSE
	EndGlobalSection
	GlobalSection(ExtensibilityGlobals) = postSolution
		SolutionGuid = {CED545C9-6E2C-400E-8FD0-FA007793E2EF}
	EndGlobalSection
EndGlobal
